
Microsoft Visual Studio Solution File, Format Version 12.00
# Visual Studio Version 16
VisualStudioVersion = 16.0.30804.86
MinimumVisualStudioVersion = 10.0.40219.1
Project("{9A19103F-16F7-4668-BE54-9A1E7A4F7556}") = "Vrnz2.Infra.Data.Migrations", "Vrnz2.Infra.Data.Migrations\Vrnz2.Infra.Data.Migrations.csproj", "{1C6C45B0-0AC4-4BEB-B603-F652F8D7291A}"
EndProject
Project("{9A19103F-16F7-4668-BE54-9A1E7A4F7556}") = "Vrnz2.Infra.Data.Migrations.Example", "Vrnz2.Infra.Data.Migrations.Example\Vrnz2.Infra.Data.Migrations.Example.csproj", "{BB9A907E-7579-479C-964D-A017D199EA17}"
EndProject
Global
	GlobalSection(SolutionConfigurationPlatforms) = preSolution
		Debug|Any CPU = Debug|Any CPU
		Release|Any CPU = Release|Any CPU
	EndGlobalSection
	GlobalSection(ProjectConfigurationPlatforms) = postSolution
		{1C6C45B0-0AC4-4BEB-B603-F652F8D7291A}.Debug|Any CPU.ActiveCfg = Debug|Any CPU
		{1C6C45B0-0AC4-4BEB-B603-F652F8D7291A}.Debug|Any CPU.Build.0 = Debug|Any CPU
		{1C6C45B0-0AC4-4BEB-B603-F652F8D7291A}.Release|Any CPU.ActiveCfg = Release|Any CPU
		{1C6C45B0-0AC4-4BEB-B603-F652F8D7291A}.Release|Any CPU.Build.0 = Release|Any CPU
		{BB9A907E-7579-479C-964D-A017D199EA17}.Debug|Any CPU.ActiveCfg = Debug|Any CPU
		{BB9A907E-7579-479C-964D-A017D199EA17}.Debug|Any CPU.Build.0 = Debug|Any CPU
		{BB9A907E-7579-479C-964D-A017D199EA17}.Release|Any CPU.ActiveCfg = Release|Any CPU
		{BB9A907E-7579-479C-964D-A017D199EA17}.Release|Any CPU.Build.0 = Release|Any CPU
	EndGlobalSection
	GlobalSection(SolutionProperties) = preSolution
		HideSolutionNode = FALSE
	EndGlobalSection
	GlobalSection(ExtensibilityGlobals) = postSolution
		SolutionGuid = {82DA68F9-E43F-4142-B714-960DAE8E5E9F}
	EndGlobalSection
EndGlobal
